
Microsoft Visual Studio Solution File, Format Version 12.00
# Visual Studio Version 17
VisualStudioVersion = 17.11.35303.130
MinimumVisualStudioVersion = 10.0.40219.1
Project("{FAE04EC0-301F-11D3-BF4B-00C04F79EFBC}") = "RazorPagesMovie", "RazorPagesMovie.csproj", "{51DC3F24-2FDC-4C35-A98E-C06445109AE7}"
EndProject
Global
	GlobalSection(SolutionConfigurationPlatforms) = preSolution
		Debug|Any CPU = Debug|Any CPU
		Release|Any CPU = Release|Any CPU
	EndGlobalSection
	GlobalSection(ProjectConfigurationPlatforms) = postSolution
		{51DC3F24-2FDC-4C35-A98E-C06445109AE7}.Debug|Any CPU.ActiveCfg = Debug|Any CPU
		{51DC3F24-2FDC-4C35-A98E-C06445109AE7}.Debug|Any CPU.Build.0 = Debug|Any CPU
		{51DC3F24-2FDC-4C35-A98E-C06445109AE7}.Release|Any CPU.ActiveCfg = Release|Any CPU
		{51DC3F24-2FDC-4C35-A98E-C06445109AE7}.Release|Any CPU.Build.0 = Release|Any CPU
	EndGlobalSection
	GlobalSection(SolutionProperties) = preSolution
		HideSolutionNode = FALSE
	EndGlobalSection
	GlobalSection(ExtensibilityGlobals) = postSolution
		SolutionGuid = {4089C04E-2B25-4762-B6E0-68EB485EDE71}
	EndGlobalSection
EndGlobal
